
Microsoft Visual Studio Solution File, Format Version 12.00
# Visual Studio Version 16
VisualStudioVersion = 16.0.31129.286
MinimumVisualStudioVersion = 10.0.40219.1
Project("{9A19103F-16F7-4668-BE54-9A1E7A4F7556}") = "Shop", "Shop.csproj", "{457B17BD-00B1-4BCC-9BBA-F2C0F9D4878A}"
EndProject
Global
	GlobalSection(SolutionConfigurationPlatforms) = preSolution
		Debug|Any CPU = Debug|Any CPU
		Release|Any CPU = Release|Any CPU
	EndGlobalSection
	GlobalSection(ProjectConfigurationPlatforms) = postSolution
		{457B17BD-00B1-4BCC-9BBA-F2C0F9D4878A}.Debug|Any CPU.ActiveCfg = Debug|Any CPU
		{457B17BD-00B1-4BCC-9BBA-F2C0F9D4878A}.Debug|Any CPU.Build.0 = Debug|Any CPU
		{457B17BD-00B1-4BCC-9BBA-F2C0F9D4878A}.Release|Any CPU.ActiveCfg = Release|Any CPU
		{457B17BD-00B1-4BCC-9BBA-F2C0F9D4878A}.Release|Any CPU.Build.0 = Release|Any CPU
	EndGlobalSection
	GlobalSection(SolutionProperties) = preSolution
		HideSolutionNode = FALSE
	EndGlobalSection
	GlobalSection(ExtensibilityGlobals) = postSolution
		SolutionGuid = {22B6DE55-4FDE-4F0E-8D4F-E6E8F40FEF4A}
	EndGlobalSection
EndGlobal
